// !$*UTF8*$!
{
	archiveVersion = 1;
	classes = {
	};
	objectVersion = 51;
	objects = {

/* Begin PBXBuildFile section */
		CF12F1ED25FE55B400C25068 /* Extensions.swift in Sources */ = {isa = PBXBuildFile; fileRef = CF12F1EC25FE55B400C25068 /* Extensions.swift */; };
		CF5962D625FE2B5800C0A53A /* AppDelegate.swift in Sources */ = {isa = PBXBuildFile; fileRef = CF5962D525FE2B5800C0A53A /* AppDelegate.swift */; };
		CF5962D825FE2B5800C0A53A /* SceneDelegate.swift in Sources */ = {isa = PBXBuildFile; fileRef = CF5962D725FE2B5800C0A53A /* SceneDelegate.swift */; };
		CF5962DA25FE2B5800C0A53A /* HomeViewController.swift in Sources */ = {isa = PBXBuildFile; fileRef = CF5962D925FE2B5800C0A53A /* HomeViewController.swift */; };
		CF5962DF25FE2B5900C0A53A /* Assets.xcassets in Resources */ = {isa = PBXBuildFile; fileRef = CF5962DE25FE2B5900C0A53A /* Assets.xcassets */; };
		CF5962E225FE2B5900C0A53A /* LaunchScreen.storyboard in Resources */ = {isa = PBXBuildFile; fileRef = CF5962E025FE2B5900C0A53A /* LaunchScreen.storyboard */; };
		CF5962F325FE2C6100C0A53A /* AuthManager.swift in Sources */ = {isa = PBXBuildFile; fileRef = CF5962F225FE2C6100C0A53A /* AuthManager.swift */; };
		CF5962F625FE2C6A00C0A53A /* APICaller.swift in Sources */ = {isa = PBXBuildFile; fileRef = CF5962F525FE2C6A00C0A53A /* APICaller.swift */; };
		CF5962F925FE2C7300C0A53A /* HapticsManager.swift in Sources */ = {isa = PBXBuildFile; fileRef = CF5962F825FE2C7300C0A53A /* HapticsManager.swift */; };
		CF5962FC25FE2C9100C0A53A /* Playlist.swift in Sources */ = {isa = PBXBuildFile; fileRef = CF5962FB25FE2C9100C0A53A /* Playlist.swift */; };
		CF5962FF25FE2C9900C0A53A /* AudioTrack.swift in Sources */ = {isa = PBXBuildFile; fileRef = CF5962FE25FE2C9900C0A53A /* AudioTrack.swift */; };
		CF59630225FE2CA000C0A53A /* Artist.swift in Sources */ = {isa = PBXBuildFile; fileRef = CF59630125FE2CA000C0A53A /* Artist.swift */; };
		CF59630525FE2CA700C0A53A /* UserProfile.swift in Sources */ = {isa = PBXBuildFile; fileRef = CF59630425FE2CA700C0A53A /* UserProfile.swift */; };
		CF59630925FE2CEC00C0A53A /* TabBarViewController.swift in Sources */ = {isa = PBXBuildFile; fileRef = CF59630825FE2CEC00C0A53A /* TabBarViewController.swift */; };
		CF59630C25FE2D1100C0A53A /* SearchViewController.swift in Sources */ = {isa = PBXBuildFile; fileRef = CF59630B25FE2D1100C0A53A /* SearchViewController.swift */; };
		CF59630F25FE2D1C00C0A53A /* LibraryViewController.swift in Sources */ = {isa = PBXBuildFile; fileRef = CF59630E25FE2D1C00C0A53A /* LibraryViewController.swift */; };
		CF59631625FE2D5C00C0A53A /* AuthViewController.swift in Sources */ = {isa = PBXBuildFile; fileRef = CF59631525FE2D5C00C0A53A /* AuthViewController.swift */; };
		CF59631925FE2D6C00C0A53A /* WelcomeViewController.swift in Sources */ = {isa = PBXBuildFile; fileRef = CF59631825FE2D6C00C0A53A /* WelcomeViewController.swift */; };
		CF59631C25FE2D8000C0A53A /* SettingsViewController.swift in Sources */ = {isa = PBXBuildFile; fileRef = CF59631B25FE2D8000C0A53A /* SettingsViewController.swift */; };
		CF59631F25FE2D9100C0A53A /* ProfileViewController.swift in Sources */ = {isa = PBXBuildFile; fileRef = CF59631E25FE2D9100C0A53A /* ProfileViewController.swift */; };
		CF59632225FE2D9F00C0A53A /* PlayerViewController.swift in Sources */ = {isa = PBXBuildFile; fileRef = CF59632125FE2D9F00C0A53A /* PlayerViewController.swift */; };
		CF59632525FE2DB700C0A53A /* PlaylistViewController.swift in Sources */ = {isa = PBXBuildFile; fileRef = CF59632425FE2DB700C0A53A /* PlaylistViewController.swift */; };
		CF59632825FE2DDD00C0A53A /* SearchResultsViewController.swift in Sources */ = {isa = PBXBuildFile; fileRef = CF59632725FE2DDD00C0A53A /* SearchResultsViewController.swift */; };
		CF7F21C5260BAFB200423F0D /* SettingsModels.swift in Sources */ = {isa = PBXBuildFile; fileRef = CF7F21C4260BAFB100423F0D /* SettingsModels.swift */; };
		CF870576262CB986002A1873 /* FeaturedPlaylistCellViewModel.swift in Sources */ = {isa = PBXBuildFile; fileRef = CF870575262CB986002A1873 /* FeaturedPlaylistCellViewModel.swift */; };
		CF870587262CB9C6002A1873 /* RecommendedTrackCellViewModel.swift in Sources */ = {isa = PBXBuildFile; fileRef = CF870586262CB9C6002A1873 /* RecommendedTrackCellViewModel.swift */; };
		CF88BFE5263F09DA003ED570 /* AlbumTrackCollectionViewCell.swift in Sources */ = {isa = PBXBuildFile; fileRef = CF88BFE4263F09DA003ED570 /* AlbumTrackCollectionViewCell.swift */; };
		CF88BFF6263F0C1D003ED570 /* AlbumCollectionViewCellViewModel.swift in Sources */ = {isa = PBXBuildFile; fileRef = CF88BFF5263F0C1D003ED570 /* AlbumCollectionViewCellViewModel.swift */; };
		CF89EAE12642CA67006AF7CE /* SearchResultResponse.swift in Sources */ = {isa = PBXBuildFile; fileRef = CF89EAE02642CA67006AF7CE /* SearchResultResponse.swift */; };
		CF89EAF12642DA42006AF7CE /* SearchResult.swift in Sources */ = {isa = PBXBuildFile; fileRef = CF89EAF02642DA42006AF7CE /* SearchResult.swift */; };
		CF8ACF5C26542EAB0079B68F /* PlaybackPresenter.swift in Sources */ = {isa = PBXBuildFile; fileRef = CF8ACF5B26542EAB0079B68F /* PlaybackPresenter.swift */; };
		CF8ACF5E265455800079B68F /* PlayerControlsView.swift in Sources */ = {isa = PBXBuildFile; fileRef = CF8ACF5D265455800079B68F /* PlayerControlsView.swift */; };
		CF8B435E262DA8CC0049C61C /* AlbumViewController.swift in Sources */ = {isa = PBXBuildFile; fileRef = CF8B435D262DA8CC0049C61C /* AlbumViewController.swift */; };
		CF8B436F262DEB830049C61C /* AlbumDetailsResponse.swift in Sources */ = {isa = PBXBuildFile; fileRef = CF8B436E262DEB830049C61C /* AlbumDetailsResponse.swift */; };
		CF8C50D0263AB8DE002BD883 /* PlaylistHeaderCollectionReusableView.swift in Sources */ = {isa = PBXBuildFile; fileRef = CF8C50CF263AB8DE002BD883 /* PlaylistHeaderCollectionReusableView.swift */; };
		CF8C50E5263AC1A5002BD883 /* PlaylistHeaderViewViewModel.swift in Sources */ = {isa = PBXBuildFile; fileRef = CF8C50E4263AC1A5002BD883 /* PlaylistHeaderViewViewModel.swift */; };
		CF8C50E8263B26DC002BD883 /* TitleHeaderCollectionReusableView.swift in Sources */ = {isa = PBXBuildFile; fileRef = CF8C50E7263B26DC002BD883 /* TitleHeaderCollectionReusableView.swift */; };
		CF8EABF52641734300CA653E /* CategoryCollectionViewCellViewModel.swift in Sources */ = {isa = PBXBuildFile; fileRef = CF8EABF42641734300CA653E /* CategoryCollectionViewCellViewModel.swift */; };
		CF8EAC052641767200CA653E /* CategoryViewController.swift in Sources */ = {isa = PBXBuildFile; fileRef = CF8EAC042641767200CA653E /* CategoryViewController.swift */; };
		CF90221125FFF19C000CA438 /* AuthResponse.swift in Sources */ = {isa = PBXBuildFile; fileRef = CF90221025FFF19C000CA438 /* AuthResponse.swift */; };
		CF94F8112627011A0003C2A5 /* NewReleasesCollectionViewCell.swift in Sources */ = {isa = PBXBuildFile; fileRef = CF94F8102627011A0003C2A5 /* NewReleasesCollectionViewCell.swift */; };
		CF94F8152627014B0003C2A5 /* FeaturedPlaylistCollectionViewCell.swift in Sources */ = {isa = PBXBuildFile; fileRef = CF94F8142627014B0003C2A5 /* FeaturedPlaylistCollectionViewCell.swift */; };
		CF94F818262701710003C2A5 /* RecommendedTrackCollectionViewCell.swift in Sources */ = {isa = PBXBuildFile; fileRef = CF94F817262701710003C2A5 /* RecommendedTrackCollectionViewCell.swift */; };
		CF94F81B262714B20003C2A5 /* NewReleasesCellViewModel.swift in Sources */ = {isa = PBXBuildFile; fileRef = CF94F81A262714B20003C2A5 /* NewReleasesCellViewModel.swift */; };
		CF98C027264EAA05005AEE1E /* SearchResultDefaultTableViewCell.swift in Sources */ = {isa = PBXBuildFile; fileRef = CF98C026264EAA05005AEE1E /* SearchResultDefaultTableViewCell.swift */; };
		CF98C029264EE40E005AEE1E /* SearchResultDefaultTableViewCellViewModel.swift in Sources */ = {isa = PBXBuildFile; fileRef = CF98C028264EE40E005AEE1E /* SearchResultDefaultTableViewCellViewModel.swift */; };
		CF98C02B264EEDA4005AEE1E /* SearchResultSubtitleTableViewCell.swift in Sources */ = {isa = PBXBuildFile; fileRef = CF98C02A264EEDA4005AEE1E /* SearchResultSubtitleTableViewCell.swift */; };
		CF98C02D264EEF22005AEE1E /* SearchResultSubtitleTableViewCellViewModel.swift in Sources */ = {isa = PBXBuildFile; fileRef = CF98C02C264EEF22005AEE1E /* SearchResultSubtitleTableViewCellViewModel.swift */; };
		CF9BF5C8265D15F700D48019 /* LibraryPlaylistsViewController.swift in Sources */ = {isa = PBXBuildFile; fileRef = CF9BF5C7265D15F700D48019 /* LibraryPlaylistsViewController.swift */; };
		CF9BF5CA265D161D00D48019 /* LibraryAlbumsViewController.swift in Sources */ = {isa = PBXBuildFile; fileRef = CF9BF5C9265D161D00D48019 /* LibraryAlbumsViewController.swift */; };
		CF9BF5CC265D1B1F00D48019 /* LibraryToggleView.swift in Sources */ = {isa = PBXBuildFile; fileRef = CF9BF5CB265D1B1F00D48019 /* LibraryToggleView.swift */; };
		CF9BF5CE265D629900D48019 /* LibraryPlaylistsResponse.swift in Sources */ = {isa = PBXBuildFile; fileRef = CF9BF5CD265D629900D48019 /* LibraryPlaylistsResponse.swift */; };
		CF9BF5D0265D693900D48019 /* ActionLabelView.swift in Sources */ = {isa = PBXBuildFile; fileRef = CF9BF5CF265D693900D48019 /* ActionLabelView.swift */; };
		CFA15E7926138E0300504BD7 /* NewReleasesResponse.swift in Sources */ = {isa = PBXBuildFile; fileRef = CFA15E7826138E0300504BD7 /* NewReleasesResponse.swift */; };
		CFD2AA0C261F0F0700C95F9E /* RecommendationsResponse.swift in Sources */ = {isa = PBXBuildFile; fileRef = CFD2AA0B261F0F0700C95F9E /* RecommendationsResponse.swift */; };
		CFD871E3261C6BDC00B2C24F /* FeaturedPlaylistsResponse.swift in Sources */ = {isa = PBXBuildFile; fileRef = CFD871E2261C6BDC00B2C24F /* FeaturedPlaylistsResponse.swift */; };
		CFD871E6261CF9E500B2C24F /* RecommendedGenresResponse.swift in Sources */ = {isa = PBXBuildFile; fileRef = CFD871E5261CF9E500B2C24F /* RecommendedGenresResponse.swift */; };
		CFE7FD3B26160B31008223F1 /* APIImage.swift in Sources */ = {isa = PBXBuildFile; fileRef = CFE7FD3A26160B31008223F1 /* APIImage.swift */; };
		CFEB2870262F4E84006A5E0C /* PlaylistDetailsResponse.swift in Sources */ = {isa = PBXBuildFile; fileRef = CFEB286F262F4E84006A5E0C /* PlaylistDetailsResponse.swift */; };
		CFF0EC3E2640438700AB7128 /* CategoryCollectionViewCell.swift in Sources */ = {isa = PBXBuildFile; fileRef = CFF0EC3D2640438700AB7128 /* CategoryCollectionViewCell.swift */; };
		CFF0EC502640896200AB7128 /* AllCategoriesResponse.swift in Sources */ = {isa = PBXBuildFile; fileRef = CFF0EC4F2640896200AB7128 /* AllCategoriesResponse.swift */; };
		FAEDBDB91D96A2921063D73E /* Pods_Spotify_tutorial.framework in Frameworks */ = {isa = PBXBuildFile; fileRef = 9CF0BE02351BF85AF450C788 /* Pods_Spotify_tutorial.framework */; };
/* End PBXBuildFile section */

/* Begin PBXContainerItemProxy section */
		CF4F62EE2620D90A00D34872 /* PBXContainerItemProxy */ = {
			isa = PBXContainerItemProxy;
			containerPortal = CF4F62DD2620D90A00D34872 /* Pods.xcodeproj */;
			proxyType = 2;
			remoteGlobalIDString = 23D4D9F87518207E73E88D8FBC7C8DE3;
			remoteInfo = Appirater;
		};
		CF4F62F02620D90A00D34872 /* PBXContainerItemProxy */ = {
			isa = PBXContainerItemProxy;
			containerPortal = CF4F62DD2620D90A00D34872 /* Pods.xcodeproj */;
			proxyType = 2;
			remoteGlobalIDString = 1E9CD753F6BD26760EFAA1DF57482D50;
			remoteInfo = "Appirater-Appirater";
		};
		CF4F62F22620D90A00D34872 /* PBXContainerItemProxy */ = {
			isa = PBXContainerItemProxy;
			containerPortal = CF4F62DD2620D90A00D34872 /* Pods.xcodeproj */;
			proxyType = 2;
			remoteGlobalIDString = E2B63D462DB7F827C4B11FD51E4F8E2D;
			remoteInfo = FirebaseCore;
		};
		CF4F62F42620D90A00D34872 /* PBXContainerItemProxy */ = {
			isa = PBXContainerItemProxy;
			containerPortal = CF4F62DD2620D90A00D34872 /* Pods.xcodeproj */;
			proxyType = 2;
			remoteGlobalIDString = 8CC9178C366942FD6FF6A115604EAD58;
			remoteInfo = FirebaseCoreDiagnostics;
		};
		CF4F62F62620D90A00D34872 /* PBXContainerItemProxy */ = {
			isa = PBXContainerItemProxy;
			containerPortal = CF4F62DD2620D90A00D34872 /* Pods.xcodeproj */;
			proxyType = 2;
			remoteGlobalIDString = 13C8C8B254851998F9289F71229B28A2;
			remoteInfo = FirebaseInstallations;
		};
		CF4F62F82620D90A00D34872 /* PBXContainerItemProxy */ = {
			isa = PBXContainerItemProxy;
			containerPortal = CF4F62DD2620D90A00D34872 /* Pods.xcodeproj */;
			proxyType = 2;
			remoteGlobalIDString = 856B5CD56F194FAD26EA91620B66D614;
			remoteInfo = GoogleDataTransport;
		};
		CF4F62FA2620D90A00D34872 /* PBXContainerItemProxy */ = {
			isa = PBXContainerItemProxy;
			containerPortal = CF4F62DD2620D90A00D34872 /* Pods.xcodeproj */;
			proxyType = 2;
			remoteGlobalIDString = B43874C6CBB50E7134FBEC24BABFE14F;
			remoteInfo = GoogleUtilities;
		};
		CF4F62FC2620D90A00D34872 /* PBXContainerItemProxy */ = {
			isa = PBXContainerItemProxy;
			containerPortal = CF4F62DD2620D90A00D34872 /* Pods.xcodeproj */;
			proxyType = 2;
			remoteGlobalIDString = 06FC5C9CF96D60C50FCD47D339C91951;
			remoteInfo = nanopb;
		};
		CF4F62FE2620D90A00D34872 /* PBXContainerItemProxy */ = {
			isa = PBXContainerItemProxy;
			containerPortal = CF4F62DD2620D90A00D34872 /* Pods.xcodeproj */;
			proxyType = 2;
			remoteGlobalIDString = 6342C7CD71A09F000250118396D5F914;
			remoteInfo = "Pods-Spotify tutorial";
		};
		CF4F63002620D90A00D34872 /* PBXContainerItemProxy */ = {
			isa = PBXContainerItemProxy;
			containerPortal = CF4F62DD2620D90A00D34872 /* Pods.xcodeproj */;
			proxyType = 2;
			remoteGlobalIDString = 3347A1AB6546F0A3977529B8F199DC41;
			remoteInfo = PromisesObjC;
		};
		CF4F63022620D90A00D34872 /* PBXContainerItemProxy */ = {
			isa = PBXContainerItemProxy;
			containerPortal = CF4F62DD2620D90A00D34872 /* Pods.xcodeproj */;
			proxyType = 2;
			remoteGlobalIDString = B0B214D775196BA7CA8E17E53048A493;
			remoteInfo = SDWebImage;
		};
/* End PBXContainerItemProxy section */

/* Begin PBXFileReference section */
		51C6A5DC260A9BA3B147D95F /* Pods-Spotify tutorial.debug.xcconfig */ = {isa = PBXFileReference; includeInIndex = 1; lastKnownFileType = text.xcconfig; name = "Pods-Spotify tutorial.debug.xcconfig"; path = "Target Support Files/Pods-Spotify tutorial/Pods-Spotify tutorial.debug.xcconfig"; sourceTree = "<group>"; };
		652D3710FFEE9BA589C1D01E /* Pods-Spotify tutorial.release.xcconfig */ = {isa = PBXFileReference; includeInIndex = 1; lastKnownFileType = text.xcconfig; name = "Pods-Spotify tutorial.release.xcconfig"; path = "Target Support Files/Pods-Spotify tutorial/Pods-Spotify tutorial.release.xcconfig"; sourceTree = "<group>"; };
		9CF0BE02351BF85AF450C788 /* Pods_Spotify_tutorial.framework */ = {isa = PBXFileReference; explicitFileType = wrapper.framework; includeInIndex = 0; path = Pods_Spotify_tutorial.framework; sourceTree = BUILT_PRODUCTS_DIR; };
		CF12F1EC25FE55B400C25068 /* Extensions.swift */ = {isa = PBXFileReference; lastKnownFileType = sourcecode.swift; path = Extensions.swift; sourceTree = "<group>"; };
		CF4F62DD2620D90A00D34872 /* Pods.xcodeproj */ = {isa = PBXFileReference; lastKnownFileType = "wrapper.pb-project"; name = Pods.xcodeproj; path = Pods/Pods.xcodeproj; sourceTree = "<group>"; };
		CF5962D225FE2B5800C0A53A /* Spotify tutorial.app */ = {isa = PBXFileReference; explicitFileType = wrapper.application; includeInIndex = 0; path = "Spotify tutorial.app"; sourceTree = BUILT_PRODUCTS_DIR; };
		CF5962D525FE2B5800C0A53A /* AppDelegate.swift */ = {isa = PBXFileReference; lastKnownFileType = sourcecode.swift; path = AppDelegate.swift; sourceTree = "<group>"; };
		CF5962D725FE2B5800C0A53A /* SceneDelegate.swift */ = {isa = PBXFileReference; lastKnownFileType = sourcecode.swift; path = SceneDelegate.swift; sourceTree = "<group>"; };
		CF5962D925FE2B5800C0A53A /* HomeViewController.swift */ = {isa = PBXFileReference; lastKnownFileType = sourcecode.swift; path = HomeViewController.swift; sourceTree = "<group>"; };
		CF5962DE25FE2B5900C0A53A /* Assets.xcassets */ = {isa = PBXFileReference; lastKnownFileType = folder.assetcatalog; path = Assets.xcassets; sourceTree = "<group>"; };
		CF5962E125FE2B5900C0A53A /* Base */ = {isa = PBXFileReference; lastKnownFileType = file.storyboard; name = Base; path = Base.lproj/LaunchScreen.storyboard; sourceTree = "<group>"; };
		CF5962E325FE2B5900C0A53A /* Info.plist */ = {isa = PBXFileReference; lastKnownFileType = text.plist.xml; path = Info.plist; sourceTree = "<group>"; };
		CF5962F225FE2C6100C0A53A /* AuthManager.swift */ = {isa = PBXFileReference; lastKnownFileType = sourcecode.swift; path = AuthManager.swift; sourceTree = "<group>"; };
		CF5962F525FE2C6A00C0A53A /* APICaller.swift */ = {isa = PBXFileReference; lastKnownFileType = sourcecode.swift; path = APICaller.swift; sourceTree = "<group>"; };
		CF5962F825FE2C7300C0A53A /* HapticsManager.swift */ = {isa = PBXFileReference; lastKnownFileType = sourcecode.swift; path = HapticsManager.swift; sourceTree = "<group>"; };
		CF5962FB25FE2C9100C0A53A /* Playlist.swift */ = {isa = PBXFileReference; lastKnownFileType = sourcecode.swift; path = Playlist.swift; sourceTree = "<group>"; };
		CF5962FE25FE2C9900C0A53A /* AudioTrack.swift */ = {isa = PBXFileReference; lastKnownFileType = sourcecode.swift; path = AudioTrack.swift; sourceTree = "<group>"; };
		CF59630125FE2CA000C0A53A /* Artist.swift */ = {isa = PBXFileReference; lastKnownFileType = sourcecode.swift; path = Artist.swift; sourceTree = "<group>"; };
		CF59630425FE2CA700C0A53A /* UserProfile.swift */ = {isa = PBXFileReference; lastKnownFileType = sourcecode.swift; path = UserProfile.swift; sourceTree = "<group>"; };
		CF59630825FE2CEC00C0A53A /* TabBarViewController.swift */ = {isa = PBXFileReference; lastKnownFileType = sourcecode.swift; path = TabBarViewController.swift; sourceTree = "<group>"; };
		CF59630B25FE2D1100C0A53A /* SearchViewController.swift */ = {isa = PBXFileReference; lastKnownFileType = sourcecode.swift; path = SearchViewController.swift; sourceTree = "<group>"; };
		CF59630E25FE2D1C00C0A53A /* LibraryViewController.swift */ = {isa = PBXFileReference; lastKnownFileType = sourcecode.swift; path = LibraryViewController.swift; sourceTree = "<group>"; };
		CF59631525FE2D5C00C0A53A /* AuthViewController.swift */ = {isa = PBXFileReference; lastKnownFileType = sourcecode.swift; path = AuthViewController.swift; sourceTree = "<group>"; };
		CF59631825FE2D6C00C0A53A /* WelcomeViewController.swift */ = {isa = PBXFileReference; lastKnownFileType = sourcecode.swift; path = WelcomeViewController.swift; sourceTree = "<group>"; };
		CF59631B25FE2D8000C0A53A /* SettingsViewController.swift */ = {isa = PBXFileReference; lastKnownFileType = sourcecode.swift; path = SettingsViewController.swift; sourceTree = "<group>"; };
		CF59631E25FE2D9100C0A53A /* ProfileViewController.swift */ = {isa = PBXFileReference; lastKnownFileType = sourcecode.swift; path = ProfileViewController.swift; sourceTree = "<group>"; };
		CF59632125FE2D9F00C0A53A /* PlayerViewController.swift */ = {isa = PBXFileReference; lastKnownFileType = sourcecode.swift; path = PlayerViewController.swift; sourceTree = "<group>"; };
		CF59632425FE2DB700C0A53A /* PlaylistViewController.swift */ = {isa = PBXFileReference; lastKnownFileType = sourcecode.swift; path = PlaylistViewController.swift; sourceTree = "<group>"; };
		CF59632725FE2DDD00C0A53A /* SearchResultsViewController.swift */ = {isa = PBXFileReference; lastKnownFileType = sourcecode.swift; path = SearchResultsViewController.swift; sourceTree = "<group>"; };
		CF7F21C4260BAFB100423F0D /* SettingsModels.swift */ = {isa = PBXFileReference; lastKnownFileType = sourcecode.swift; path = SettingsModels.swift; sourceTree = "<group>"; };
		CF870575262CB986002A1873 /* FeaturedPlaylistCellViewModel.swift */ = {isa = PBXFileReference; lastKnownFileType = sourcecode.swift; path = FeaturedPlaylistCellViewModel.swift; sourceTree = "<group>"; };
		CF870586262CB9C6002A1873 /* RecommendedTrackCellViewModel.swift */ = {isa = PBXFileReference; lastKnownFileType = sourcecode.swift; path = RecommendedTrackCellViewModel.swift; sourceTree = "<group>"; };
		CF88BFE4263F09DA003ED570 /* AlbumTrackCollectionViewCell.swift */ = {isa = PBXFileReference; lastKnownFileType = sourcecode.swift; path = AlbumTrackCollectionViewCell.swift; sourceTree = "<group>"; };
		CF88BFF5263F0C1D003ED570 /* AlbumCollectionViewCellViewModel.swift */ = {isa = PBXFileReference; lastKnownFileType = sourcecode.swift; path = AlbumCollectionViewCellViewModel.swift; sourceTree = "<group>"; };
		CF89EAE02642CA67006AF7CE /* SearchResultResponse.swift */ = {isa = PBXFileReference; lastKnownFileType = sourcecode.swift; path = SearchResultResponse.swift; sourceTree = "<group>"; };
		CF89EAF02642DA42006AF7CE /* SearchResult.swift */ = {isa = PBXFileReference; lastKnownFileType = sourcecode.swift; path = SearchResult.swift; sourceTree = "<group>"; };
		CF8ACF5B26542EAB0079B68F /* PlaybackPresenter.swift */ = {isa = PBXFileReference; lastKnownFileType = sourcecode.swift; path = PlaybackPresenter.swift; sourceTree = "<group>"; };
		CF8ACF5D265455800079B68F /* PlayerControlsView.swift */ = {isa = PBXFileReference; lastKnownFileType = sourcecode.swift; path = PlayerControlsView.swift; sourceTree = "<group>"; };
		CF8B435D262DA8CC0049C61C /* AlbumViewController.swift */ = {isa = PBXFileReference; lastKnownFileType = sourcecode.swift; path = AlbumViewController.swift; sourceTree = "<group>"; };
		CF8B436E262DEB830049C61C /* AlbumDetailsResponse.swift */ = {isa = PBXFileReference; lastKnownFileType = sourcecode.swift; path = AlbumDetailsResponse.swift; sourceTree = "<group>"; };
		CF8C50CF263AB8DE002BD883 /* PlaylistHeaderCollectionReusableView.swift */ = {isa = PBXFileReference; lastKnownFileType = sourcecode.swift; path = PlaylistHeaderCollectionReusableView.swift; sourceTree = "<group>"; };
		CF8C50E4263AC1A5002BD883 /* PlaylistHeaderViewViewModel.swift */ = {isa = PBXFileReference; lastKnownFileType = sourcecode.swift; path = PlaylistHeaderViewViewModel.swift; sourceTree = "<group>"; };
		CF8C50E7263B26DC002BD883 /* TitleHeaderCollectionReusableView.swift */ = {isa = PBXFileReference; lastKnownFileType = sourcecode.swift; path = TitleHeaderCollectionReusableView.swift; sourceTree = "<group>"; };
		CF8EABF42641734300CA653E /* CategoryCollectionViewCellViewModel.swift */ = {isa = PBXFileReference; lastKnownFileType = sourcecode.swift; path = CategoryCollectionViewCellViewModel.swift; sourceTree = "<group>"; };
		CF8EAC042641767200CA653E /* CategoryViewController.swift */ = {isa = PBXFileReference; lastKnownFileType = sourcecode.swift; path = CategoryViewController.swift; sourceTree = "<group>"; };
		CF90221025FFF19C000CA438 /* AuthResponse.swift */ = {isa = PBXFileReference; lastKnownFileType = sourcecode.swift; path = AuthResponse.swift; sourceTree = "<group>"; };
		CF94F8102627011A0003C2A5 /* NewReleasesCollectionViewCell.swift */ = {isa = PBXFileReference; lastKnownFileType = sourcecode.swift; path = NewReleasesCollectionViewCell.swift; sourceTree = "<group>"; };
		CF94F8142627014B0003C2A5 /* FeaturedPlaylistCollectionViewCell.swift */ = {isa = PBXFileReference; lastKnownFileType = sourcecode.swift; path = FeaturedPlaylistCollectionViewCell.swift; sourceTree = "<group>"; };
		CF94F817262701710003C2A5 /* RecommendedTrackCollectionViewCell.swift */ = {isa = PBXFileReference; lastKnownFileType = sourcecode.swift; path = RecommendedTrackCollectionViewCell.swift; sourceTree = "<group>"; };
		CF94F81A262714B20003C2A5 /* NewReleasesCellViewModel.swift */ = {isa = PBXFileReference; lastKnownFileType = sourcecode.swift; path = NewReleasesCellViewModel.swift; sourceTree = "<group>"; };
		CF98C026264EAA05005AEE1E /* SearchResultDefaultTableViewCell.swift */ = {isa = PBXFileReference; lastKnownFileType = sourcecode.swift; path = SearchResultDefaultTableViewCell.swift; sourceTree = "<group>"; };
		CF98C028264EE40E005AEE1E /* SearchResultDefaultTableViewCellViewModel.swift */ = {isa = PBXFileReference; lastKnownFileType = sourcecode.swift; path = SearchResultDefaultTableViewCellViewModel.swift; sourceTree = "<group>"; };
		CF98C02A264EEDA4005AEE1E /* SearchResultSubtitleTableViewCell.swift */ = {isa = PBXFileReference; lastKnownFileType = sourcecode.swift; path = SearchResultSubtitleTableViewCell.swift; sourceTree = "<group>"; };
		CF98C02C264EEF22005AEE1E /* SearchResultSubtitleTableViewCellViewModel.swift */ = {isa = PBXFileReference; lastKnownFileType = sourcecode.swift; path = SearchResultSubtitleTableViewCellViewModel.swift; sourceTree = "<group>"; };
		CF9BF5C7265D15F700D48019 /* LibraryPlaylistsViewController.swift */ = {isa = PBXFileReference; lastKnownFileType = sourcecode.swift; path = LibraryPlaylistsViewController.swift; sourceTree = "<group>"; };
		CF9BF5C9265D161D00D48019 /* LibraryAlbumsViewController.swift */ = {isa = PBXFileReference; lastKnownFileType = sourcecode.swift; path = LibraryAlbumsViewController.swift; sourceTree = "<group>"; };
		CF9BF5CB265D1B1F00D48019 /* LibraryToggleView.swift */ = {isa = PBXFileReference; lastKnownFileType = sourcecode.swift; path = LibraryToggleView.swift; sourceTree = "<group>"; };
		CF9BF5CD265D629900D48019 /* LibraryPlaylistsResponse.swift */ = {isa = PBXFileReference; lastKnownFileType = sourcecode.swift; path = LibraryPlaylistsResponse.swift; sourceTree = "<group>"; };
		CF9BF5CF265D693900D48019 /* ActionLabelView.swift */ = {isa = PBXFileReference; lastKnownFileType = sourcecode.swift; path = ActionLabelView.swift; sourceTree = "<group>"; };
		CFA15E7826138E0300504BD7 /* NewReleasesResponse.swift */ = {isa = PBXFileReference; lastKnownFileType = sourcecode.swift; path = NewReleasesResponse.swift; sourceTree = "<group>"; };
		CFD2AA0B261F0F0700C95F9E /* RecommendationsResponse.swift */ = {isa = PBXFileReference; lastKnownFileType = sourcecode.swift; path = RecommendationsResponse.swift; sourceTree = "<group>"; };
		CFD871E2261C6BDC00B2C24F /* FeaturedPlaylistsResponse.swift */ = {isa = PBXFileReference; lastKnownFileType = sourcecode.swift; path = FeaturedPlaylistsResponse.swift; sourceTree = "<group>"; };
		CFD871E5261CF9E500B2C24F /* RecommendedGenresResponse.swift */ = {isa = PBXFileReference; lastKnownFileType = sourcecode.swift; path = RecommendedGenresResponse.swift; sourceTree = "<group>"; };
		CFE7FD3A26160B31008223F1 /* APIImage.swift */ = {isa = PBXFileReference; lastKnownFileType = sourcecode.swift; path = APIImage.swift; sourceTree = "<group>"; };
		CFEB286F262F4E84006A5E0C /* PlaylistDetailsResponse.swift */ = {isa = PBXFileReference; lastKnownFileType = sourcecode.swift; path = PlaylistDetailsResponse.swift; sourceTree = "<group>"; };
		CFF0EC3D2640438700AB7128 /* CategoryCollectionViewCell.swift */ = {isa = PBXFileReference; lastKnownFileType = sourcecode.swift; path = CategoryCollectionViewCell.swift; sourceTree = "<group>"; };
		CFF0EC4F2640896200AB7128 /* AllCategoriesResponse.swift */ = {isa = PBXFileReference; lastKnownFileType = sourcecode.swift; path = AllCategoriesResponse.swift; sourceTree = "<group>"; };
/* End PBXFileReference section */

/* Begin PBXFrameworksBuildPhase section */
		CF5962CF25FE2B5800C0A53A /* Frameworks */ = {
			isa = PBXFrameworksBuildPhase;
			buildActionMask = 2147483647;
			files = (
				FAEDBDB91D96A2921063D73E /* Pods_Spotify_tutorial.framework in Frameworks */,
			);
			runOnlyForDeploymentPostprocessing = 0;
		};
/* End PBXFrameworksBuildPhase section */

/* Begin PBXGroup section */
		81A34C44AE5D7A3DB8BB8070 /* Pods */ = {
			isa = PBXGroup;
			children = (
				51C6A5DC260A9BA3B147D95F /* Pods-Spotify tutorial.debug.xcconfig */,
				652D3710FFEE9BA589C1D01E /* Pods-Spotify tutorial.release.xcconfig */,
			);
			path = Pods;
			sourceTree = "<group>";
		};
		8789F6BEB83710AD109FCD0D /* Frameworks */ = {
			isa = PBXGroup;
			children = (
				CF4F62DD2620D90A00D34872 /* Pods.xcodeproj */,
				9CF0BE02351BF85AF450C788 /* Pods_Spotify_tutorial.framework */,
			);
			name = Frameworks;
			sourceTree = "<group>";
		};
		CF4F62DE2620D90A00D34872 /* Products */ = {
			isa = PBXGroup;
			children = (
				CF4F62EF2620D90A00D34872 /* Appirater.framework */,
				CF4F62F12620D90A00D34872 /* Appirater.bundle */,
				CF4F62F32620D90A00D34872 /* FirebaseCore.framework */,
				CF4F62F52620D90A00D34872 /* FirebaseCoreDiagnostics.framework */,
				CF4F62F72620D90A00D34872 /* FirebaseInstallations.framework */,
				CF4F62F92620D90A00D34872 /* GoogleDataTransport.framework */,
				CF4F62FB2620D90A00D34872 /* GoogleUtilities.framework */,
				CF4F62FD2620D90A00D34872 /* nanopb.framework */,
				CF4F62FF2620D90A00D34872 /* Pods_Spotify_tutorial.framework */,
				CF4F63012620D90A00D34872 /* FBLPromises.framework */,
				CF4F63032620D90A00D34872 /* SDWebImage.framework */,
			);
			name = Products;
			sourceTree = "<group>";
		};
		CF5962C925FE2B5800C0A53A = {
			isa = PBXGroup;
			children = (
				CF5962D425FE2B5800C0A53A /* Spotify tutorial */,
				CF5962D325FE2B5800C0A53A /* Products */,
				81A34C44AE5D7A3DB8BB8070 /* Pods */,
				8789F6BEB83710AD109FCD0D /* Frameworks */,
			);
			sourceTree = "<group>";
		};
		CF5962D325FE2B5800C0A53A /* Products */ = {
			isa = PBXGroup;
			children = (
				CF5962D225FE2B5800C0A53A /* Spotify tutorial.app */,
			);
			name = Products;
			sourceTree = "<group>";
		};
		CF5962D425FE2B5800C0A53A /* Spotify tutorial */ = {
			isa = PBXGroup;
			children = (
				CF8ACF4C26542E730079B68F /* Presenter */,
				CF5962F025FE2BE200C0A53A /* Resources */,
				CF5962EF25FE2BDB00C0A53A /* Managers */,
				CF5962EC25FE2BC000C0A53A /* Models */,
				CF5962EE25FE2BD000C0A53A /* ViewModels */,
				CF5962EB25FE2B9300C0A53A /* Views */,
				CF5962EA25FE2B8900C0A53A /* Controllers */,
				CF5962E325FE2B5900C0A53A /* Info.plist */,
			);
			path = "Spotify tutorial";
			sourceTree = "<group>";
		};
		CF5962EA25FE2B8900C0A53A /* Controllers */ = {
			isa = PBXGroup;
			children = (
				CF9BF5C6265D15CD00D48019 /* Library */,
				CF59631425FE2D2A00C0A53A /* Other */,
				CF59631125FE2D2500C0A53A /* Core */,
			);
			path = Controllers;
			sourceTree = "<group>";
		};
		CF5962EB25FE2B9300C0A53A /* Views */ = {
			isa = PBXGroup;
			children = (
				CF98C017264EA9CD005AEE1E /* SearchResultCells */,
				CF94F8012626FAAA0003C2A5 /* Browse */,
				CF5962E025FE2B5900C0A53A /* LaunchScreen.storyboard */,
				CF8C50CF263AB8DE002BD883 /* PlaylistHeaderCollectionReusableView.swift */,
				CF8C50E7263B26DC002BD883 /* TitleHeaderCollectionReusableView.swift */,
				CF88BFE4263F09DA003ED570 /* AlbumTrackCollectionViewCell.swift */,
				CFF0EC3D2640438700AB7128 /* CategoryCollectionViewCell.swift */,
				CF8ACF5D265455800079B68F /* PlayerControlsView.swift */,
				CF9BF5CB265D1B1F00D48019 /* LibraryToggleView.swift */,
				CF9BF5CF265D693900D48019 /* ActionLabelView.swift */,
			);
			path = Views;
			sourceTree = "<group>";
		};
		CF5962EC25FE2BC000C0A53A /* Models */ = {
			isa = PBXGroup;
			children = (
				CF5962FB25FE2C9100C0A53A /* Playlist.swift */,
				CF5962FE25FE2C9900C0A53A /* AudioTrack.swift */,
				CF59630125FE2CA000C0A53A /* Artist.swift */,
				CF90221025FFF19C000CA438 /* AuthResponse.swift */,
				CF59630425FE2CA700C0A53A /* UserProfile.swift */,
				CF7F21C4260BAFB100423F0D /* SettingsModels.swift */,
				CFA15E7826138E0300504BD7 /* NewReleasesResponse.swift */,
				CFD871E2261C6BDC00B2C24F /* FeaturedPlaylistsResponse.swift */,
				CFD871E5261CF9E500B2C24F /* RecommendedGenresResponse.swift */,
				CFD2AA0B261F0F0700C95F9E /* RecommendationsResponse.swift */,
				CF8B436E262DEB830049C61C /* AlbumDetailsResponse.swift */,
				CFEB286F262F4E84006A5E0C /* PlaylistDetailsResponse.swift */,
				CFF0EC4F2640896200AB7128 /* AllCategoriesResponse.swift */,
				CF89EAE02642CA67006AF7CE /* SearchResultResponse.swift */,
				CF89EAF02642DA42006AF7CE /* SearchResult.swift */,
				CF9BF5CD265D629900D48019 /* LibraryPlaylistsResponse.swift */,
			);
			path = Models;
			sourceTree = "<group>";
		};
		CF5962EE25FE2BD000C0A53A /* ViewModels */ = {
			isa = PBXGroup;
			children = (
				CF94F81A262714B20003C2A5 /* NewReleasesCellViewModel.swift */,
				CF870575262CB986002A1873 /* FeaturedPlaylistCellViewModel.swift */,
				CF870586262CB9C6002A1873 /* RecommendedTrackCellViewModel.swift */,
				CF8C50E4263AC1A5002BD883 /* PlaylistHeaderViewViewModel.swift */,
				CF88BFF5263F0C1D003ED570 /* AlbumCollectionViewCellViewModel.swift */,
				CF8EABF42641734300CA653E /* CategoryCollectionViewCellViewModel.swift */,
				CF98C028264EE40E005AEE1E /* SearchResultDefaultTableViewCellViewModel.swift */,
				CF98C02C264EEF22005AEE1E /* SearchResultSubtitleTableViewCellViewModel.swift */,
			);
			path = ViewModels;
			sourceTree = "<group>";
		};
		CF5962EF25FE2BDB00C0A53A /* Managers */ = {
			isa = PBXGroup;
			children = (
				CF5962F225FE2C6100C0A53A /* AuthManager.swift */,
				CF5962F525FE2C6A00C0A53A /* APICaller.swift */,
				CF5962F825FE2C7300C0A53A /* HapticsManager.swift */,
			);
			path = Managers;
			sourceTree = "<group>";
		};
		CF5962F025FE2BE200C0A53A /* Resources */ = {
			isa = PBXGroup;
			children = (
				CF5962D525FE2B5800C0A53A /* AppDelegate.swift */,
				CF5962D725FE2B5800C0A53A /* SceneDelegate.swift */,
				CF5962DE25FE2B5900C0A53A /* Assets.xcassets */,
				CF12F1EC25FE55B400C25068 /* Extensions.swift */,
			);
			path = Resources;
			sourceTree = "<group>";
		};
		CF59631125FE2D2500C0A53A /* Core */ = {
			isa = PBXGroup;
			children = (
				CF59630825FE2CEC00C0A53A /* TabBarViewController.swift */,
				CF5962D925FE2B5800C0A53A /* HomeViewController.swift */,
				CF59630B25FE2D1100C0A53A /* SearchViewController.swift */,
				CF59630E25FE2D1C00C0A53A /* LibraryViewController.swift */,
			);
			path = Core;
			sourceTree = "<group>";
		};
		CF59631425FE2D2A00C0A53A /* Other */ = {
			isa = PBXGroup;
			children = (
				CF59631525FE2D5C00C0A53A /* AuthViewController.swift */,
				CF59631825FE2D6C00C0A53A /* WelcomeViewController.swift */,
				CF59631B25FE2D8000C0A53A /* SettingsViewController.swift */,
				CF59631E25FE2D9100C0A53A /* ProfileViewController.swift */,
				CF59632125FE2D9F00C0A53A /* PlayerViewController.swift */,
				CF59632425FE2DB700C0A53A /* PlaylistViewController.swift */,
				CF59632725FE2DDD00C0A53A /* SearchResultsViewController.swift */,
				CF8B435D262DA8CC0049C61C /* AlbumViewController.swift */,
				CF8EAC042641767200CA653E /* CategoryViewController.swift */,
			);
			path = Other;
			sourceTree = "<group>";
		};
		CF8ACF4C26542E730079B68F /* Presenter */ = {
			isa = PBXGroup;
			children = (
				CF8ACF5B26542EAB0079B68F /* PlaybackPresenter.swift */,
			);
			path = Presenter;
			sourceTree = "<group>";
		};
		CF94F8012626FAAA0003C2A5 /* Browse */ = {
			isa = PBXGroup;
			children = (
				CF94F8102627011A0003C2A5 /* NewReleasesCollectionViewCell.swift */,
				CF94F8142627014B0003C2A5 /* FeaturedPlaylistCollectionViewCell.swift */,
				CF94F817262701710003C2A5 /* RecommendedTrackCollectionViewCell.swift */,
			);
			path = Browse;
			sourceTree = "<group>";
		};
		CF98C017264EA9CD005AEE1E /* SearchResultCells */ = {
			isa = PBXGroup;
			children = (
				CF98C026264EAA05005AEE1E /* SearchResultDefaultTableViewCell.swift */,
				CFE7FD3A26160B31008223F1 /* APIImage.swift */,
				CF98C02A264EEDA4005AEE1E /* SearchResultSubtitleTableViewCell.swift */,
			);
			path = SearchResultCells;
			sourceTree = "<group>";
		};
		CF9BF5C6265D15CD00D48019 /* Library */ = {
			isa = PBXGroup;
			children = (
				CF9BF5C7265D15F700D48019 /* LibraryPlaylistsViewController.swift */,
				CF9BF5C9265D161D00D48019 /* LibraryAlbumsViewController.swift */,
			);
			path = Library;
			sourceTree = "<group>";
		};
/* End PBXGroup section */

/* Begin PBXNativeTarget section */
		CF5962D125FE2B5800C0A53A /* Spotify tutorial */ = {
			isa = PBXNativeTarget;
			buildConfigurationList = CF5962E625FE2B5900C0A53A /* Build configuration list for PBXNativeTarget "Spotify tutorial" */;
			buildPhases = (
				2CE3D00A620960FFE6C043D2 /* [CP] Check Pods Manifest.lock */,
				CF5962CE25FE2B5800C0A53A /* Sources */,
				CF5962CF25FE2B5800C0A53A /* Frameworks */,
				CF5962D025FE2B5800C0A53A /* Resources */,
				7BEDBE81A7A42248EFD7F160 /* [CP] Embed Pods Frameworks */,
			);
			buildRules = (
			);
			dependencies = (
			);
			name = "Spotify tutorial";
			productName = "Spotify tutorial";
			productReference = CF5962D225FE2B5800C0A53A /* Spotify tutorial.app */;
			productType = "com.apple.product-type.application";
		};
/* End PBXNativeTarget section */

/* Begin PBXProject section */
		CF5962CA25FE2B5800C0A53A /* Project object */ = {
			isa = PBXProject;
			attributes = {
				LastSwiftUpdateCheck = 1240;
				LastUpgradeCheck = 1240;
				TargetAttributes = {
					CF5962D125FE2B5800C0A53A = {
						CreatedOnToolsVersion = 12.4;
					};
				};
			};
			buildConfigurationList = CF5962CD25FE2B5800C0A53A /* Build configuration list for PBXProject "Spotify tutorial" */;
			compatibilityVersion = "Xcode 9.3";
			developmentRegion = en;
			hasScannedForEncodings = 0;
			knownRegions = (
				en,
				Base,
			);
			mainGroup = CF5962C925FE2B5800C0A53A;
			productRefGroup = CF5962D325FE2B5800C0A53A /* Products */;
			projectDirPath = "";
			projectReferences = (
				{
					ProductGroup = CF4F62DE2620D90A00D34872 /* Products */;
					ProjectRef = CF4F62DD2620D90A00D34872 /* Pods.xcodeproj */;
				},
			);
			projectRoot = "";
			targets = (
				CF5962D125FE2B5800C0A53A /* Spotify tutorial */,
			);
		};
/* End PBXProject section */

/* Begin PBXReferenceProxy section */
		CF4F62EF2620D90A00D34872 /* Appirater.framework */ = {
			isa = PBXReferenceProxy;
			fileType = wrapper.framework;
			path = Appirater.framework;
			remoteRef = CF4F62EE2620D90A00D34872 /* PBXContainerItemProxy */;
			sourceTree = BUILT_PRODUCTS_DIR;
		};
		CF4F62F12620D90A00D34872 /* Appirater.bundle */ = {
			isa = PBXReferenceProxy;
			fileType = wrapper.cfbundle;
			path = Appirater.bundle;
			remoteRef = CF4F62F02620D90A00D34872 /* PBXContainerItemProxy */;
			sourceTree = BUILT_PRODUCTS_DIR;
		};
		CF4F62F32620D90A00D34872 /* FirebaseCore.framework */ = {
			isa = PBXReferenceProxy;
			fileType = wrapper.framework;
			path = FirebaseCore.framework;
			remoteRef = CF4F62F22620D90A00D34872 /* PBXContainerItemProxy */;
			sourceTree = BUILT_PRODUCTS_DIR;
		};
		CF4F62F52620D90A00D34872 /* FirebaseCoreDiagnostics.framework */ = {
			isa = PBXReferenceProxy;
			fileType = wrapper.framework;
			path = FirebaseCoreDiagnostics.framework;
			remoteRef = CF4F62F42620D90A00D34872 /* PBXContainerItemProxy */;
			sourceTree = BUILT_PRODUCTS_DIR;
		};
		CF4F62F72620D90A00D34872 /* FirebaseInstallations.framework */ = {
			isa = PBXReferenceProxy;
			fileType = wrapper.framework;
			path = FirebaseInstallations.framework;
			remoteRef = CF4F62F62620D90A00D34872 /* PBXContainerItemProxy */;
			sourceTree = BUILT_PRODUCTS_DIR;
		};
		CF4F62F92620D90A00D34872 /* GoogleDataTransport.framework */ = {
			isa = PBXReferenceProxy;
			fileType = wrapper.framework;
			path = GoogleDataTransport.framework;
			remoteRef = CF4F62F82620D90A00D34872 /* PBXContainerItemProxy */;
			sourceTree = BUILT_PRODUCTS_DIR;
		};
		CF4F62FB2620D90A00D34872 /* GoogleUtilities.framework */ = {
			isa = PBXReferenceProxy;
			fileType = wrapper.framework;
			path = GoogleUtilities.framework;
			remoteRef = CF4F62FA2620D90A00D34872 /* PBXContainerItemProxy */;
			sourceTree = BUILT_PRODUCTS_DIR;
		};
		CF4F62FD2620D90A00D34872 /* nanopb.framework */ = {
			isa = PBXReferenceProxy;
			fileType = wrapper.framework;
			path = nanopb.framework;
			remoteRef = CF4F62FC2620D90A00D34872 /* PBXContainerItemProxy */;
			sourceTree = BUILT_PRODUCTS_DIR;
		};
		CF4F62FF2620D90A00D34872 /* Pods_Spotify_tutorial.framework */ = {
			isa = PBXReferenceProxy;
			fileType = wrapper.framework;
			path = Pods_Spotify_tutorial.framework;
			remoteRef = CF4F62FE2620D90A00D34872 /* PBXContainerItemProxy */;
			sourceTree = BUILT_PRODUCTS_DIR;
		};
		CF4F63012620D90A00D34872 /* FBLPromises.framework */ = {
			isa = PBXReferenceProxy;
			fileType = wrapper.framework;
			path = FBLPromises.framework;
			remoteRef = CF4F63002620D90A00D34872 /* PBXContainerItemProxy */;
			sourceTree = BUILT_PRODUCTS_DIR;
		};
		CF4F63032620D90A00D34872 /* SDWebImage.framework */ = {
			isa = PBXReferenceProxy;
			fileType = wrapper.framework;
			path = SDWebImage.framework;
			remoteRef = CF4F63022620D90A00D34872 /* PBXContainerItemProxy */;
			sourceTree = BUILT_PRODUCTS_DIR;
		};
/* End PBXReferenceProxy section */

/* Begin PBXResourcesBuildPhase section */
		CF5962D025FE2B5800C0A53A /* Resources */ = {
			isa = PBXResourcesBuildPhase;
			buildActionMask = 2147483647;
			files = (
				CF5962E225FE2B5900C0A53A /* LaunchScreen.storyboard in Resources */,
				CF5962DF25FE2B5900C0A53A /* Assets.xcassets in Resources */,
			);
			runOnlyForDeploymentPostprocessing = 0;
		};
/* End PBXResourcesBuildPhase section */

/* Begin PBXShellScriptBuildPhase section */
		2CE3D00A620960FFE6C043D2 /* [CP] Check Pods Manifest.lock */ = {
			isa = PBXShellScriptBuildPhase;
			buildActionMask = 2147483647;
			files = (
			);
			inputFileListPaths = (
			);
			inputPaths = (
				"${PODS_PODFILE_DIR_PATH}/Podfile.lock",
				"${PODS_ROOT}/Manifest.lock",
			);
			name = "[CP] Check Pods Manifest.lock";
			outputFileListPaths = (
			);
			outputPaths = (
				"$(DERIVED_FILE_DIR)/Pods-Spotify tutorial-checkManifestLockResult.txt",
			);
			runOnlyForDeploymentPostprocessing = 0;
			shellPath = /bin/sh;
			shellScript = "diff \"${PODS_PODFILE_DIR_PATH}/Podfile.lock\" \"${PODS_ROOT}/Manifest.lock\" > /dev/null\nif [ $? != 0 ] ; then\n    # print error to STDERR\n    echo \"error: The sandbox is not in sync with the Podfile.lock. Run 'pod install' or update your CocoaPods installation.\" >&2\n    exit 1\nfi\n# This output is used by Xcode 'outputs' to avoid re-running this script phase.\necho \"SUCCESS\" > \"${SCRIPT_OUTPUT_FILE_0}\"\n";
			showEnvVarsInLog = 0;
		};
		7BEDBE81A7A42248EFD7F160 /* [CP] Embed Pods Frameworks */ = {
			isa = PBXShellScriptBuildPhase;
			buildActionMask = 2147483647;
			files = (
			);
			inputFileListPaths = (
				"${PODS_ROOT}/Target Support Files/Pods-Spotify tutorial/Pods-Spotify tutorial-frameworks-${CONFIGURATION}-input-files.xcfilelist",
			);
			name = "[CP] Embed Pods Frameworks";
			outputFileListPaths = (
				"${PODS_ROOT}/Target Support Files/Pods-Spotify tutorial/Pods-Spotify tutorial-frameworks-${CONFIGURATION}-output-files.xcfilelist",
			);
			runOnlyForDeploymentPostprocessing = 0;
			shellPath = /bin/sh;
			shellScript = "\"${PODS_ROOT}/Target Support Files/Pods-Spotify tutorial/Pods-Spotify tutorial-frameworks.sh\"\n";
			showEnvVarsInLog = 0;
		};
/* End PBXShellScriptBuildPhase section */

/* Begin PBXSourcesBuildPhase section */
		CF5962CE25FE2B5800C0A53A /* Sources */ = {
			isa = PBXSourcesBuildPhase;
			buildActionMask = 2147483647;
			files = (
				CF59632525FE2DB700C0A53A /* PlaylistViewController.swift in Sources */,
				CFEB2870262F4E84006A5E0C /* PlaylistDetailsResponse.swift in Sources */,
				CF5962F925FE2C7300C0A53A /* HapticsManager.swift in Sources */,
				CF89EAE12642CA67006AF7CE /* SearchResultResponse.swift in Sources */,
				CF9BF5CC265D1B1F00D48019 /* LibraryToggleView.swift in Sources */,
				CF5962DA25FE2B5800C0A53A /* HomeViewController.swift in Sources */,
				CF94F81B262714B20003C2A5 /* NewReleasesCellViewModel.swift in Sources */,
				CF88BFF6263F0C1D003ED570 /* AlbumCollectionViewCellViewModel.swift in Sources */,
				CF9BF5D0265D693900D48019 /* ActionLabelView.swift in Sources */,
				CF870587262CB9C6002A1873 /* RecommendedTrackCellViewModel.swift in Sources */,
				CF59630925FE2CEC00C0A53A /* TabBarViewController.swift in Sources */,
				CF8EAC052641767200CA653E /* CategoryViewController.swift in Sources */,
				CFF0EC502640896200AB7128 /* AllCategoriesResponse.swift in Sources */,
				CF8C50E8263B26DC002BD883 /* TitleHeaderCollectionReusableView.swift in Sources */,
				CF8B435E262DA8CC0049C61C /* AlbumViewController.swift in Sources */,
				CF8C50E5263AC1A5002BD883 /* PlaylistHeaderViewViewModel.swift in Sources */,
				CF870576262CB986002A1873 /* FeaturedPlaylistCellViewModel.swift in Sources */,
				CF98C02D264EEF22005AEE1E /* SearchResultSubtitleTableViewCellViewModel.swift in Sources */,
				CFE7FD3B26160B31008223F1 /* APIImage.swift in Sources */,
				CF59630525FE2CA700C0A53A /* UserProfile.swift in Sources */,
				CF5962FF25FE2C9900C0A53A /* AudioTrack.swift in Sources */,
				CF98C027264EAA05005AEE1E /* SearchResultDefaultTableViewCell.swift in Sources */,
				CF59632225FE2D9F00C0A53A /* PlayerViewController.swift in Sources */,
				CF94F818262701710003C2A5 /* RecommendedTrackCollectionViewCell.swift in Sources */,
				CF59630225FE2CA000C0A53A /* Artist.swift in Sources */,
				CF8ACF5E265455800079B68F /* PlayerControlsView.swift in Sources */,
				CFF0EC3E2640438700AB7128 /* CategoryCollectionViewCell.swift in Sources */,
				CF94F8112627011A0003C2A5 /* NewReleasesCollectionViewCell.swift in Sources */,
				CF98C02B264EEDA4005AEE1E /* SearchResultSubtitleTableViewCell.swift in Sources */,
				CF90221125FFF19C000CA438 /* AuthResponse.swift in Sources */,
				CF9BF5CA265D161D00D48019 /* LibraryAlbumsViewController.swift in Sources */,
				CF9BF5CE265D629900D48019 /* LibraryPlaylistsResponse.swift in Sources */,
				CF88BFE5263F09DA003ED570 /* AlbumTrackCollectionViewCell.swift in Sources */,
				CFA15E7926138E0300504BD7 /* NewReleasesResponse.swift in Sources */,
				CFD2AA0C261F0F0700C95F9E /* RecommendationsResponse.swift in Sources */,
				CF59631925FE2D6C00C0A53A /* WelcomeViewController.swift in Sources */,
				CF98C029264EE40E005AEE1E /* SearchResultDefaultTableViewCellViewModel.swift in Sources */,
				CF59632825FE2DDD00C0A53A /* SearchResultsViewController.swift in Sources */,
				CF59631F25FE2D9100C0A53A /* ProfileViewController.swift in Sources */,
				CF94F8152627014B0003C2A5 /* FeaturedPlaylistCollectionViewCell.swift in Sources */,
				CF59631C25FE2D8000C0A53A /* SettingsViewController.swift in Sources */,
				CF59630C25FE2D1100C0A53A /* SearchViewController.swift in Sources */,
				CF12F1ED25FE55B400C25068 /* Extensions.swift in Sources */,
				CF89EAF12642DA42006AF7CE /* SearchResult.swift in Sources */,
				CF8C50D0263AB8DE002BD883 /* PlaylistHeaderCollectionReusableView.swift in Sources */,
				CF8ACF5C26542EAB0079B68F /* PlaybackPresenter.swift in Sources */,
				CF5962F325FE2C6100C0A53A /* AuthManager.swift in Sources */,
				CF5962FC25FE2C9100C0A53A /* Playlist.swift in Sources */,
				CF7F21C5260BAFB200423F0D /* SettingsModels.swift in Sources */,
				CF5962D625FE2B5800C0A53A /* AppDelegate.swift in Sources */,
				CF59631625FE2D5C00C0A53A /* AuthViewController.swift in Sources */,
				CF9BF5C8265D15F700D48019 /* LibraryPlaylistsViewController.swift in Sources */,
				CF5962F625FE2C6A00C0A53A /* APICaller.swift in Sources */,
				CF8B436F262DEB830049C61C /* AlbumDetailsResponse.swift in Sources */,
				CF5962D825FE2B5800C0A53A /* SceneDelegate.swift in Sources */,
				CFD871E3261C6BDC00B2C24F /* FeaturedPlaylistsResponse.swift in Sources */,
				CF59630F25FE2D1C00C0A53A /* LibraryViewController.swift in Sources */,
				CF8EABF52641734300CA653E /* CategoryCollectionViewCellViewModel.swift in Sources */,
				CFD871E6261CF9E500B2C24F /* RecommendedGenresResponse.swift in Sources */,
			);
			runOnlyForDeploymentPostprocessing = 0;
		};
/* End PBXSourcesBuildPhase section */

/* Begin PBXVariantGroup section */
		CF5962E025FE2B5900C0A53A /* LaunchScreen.storyboard */ = {
			isa = PBXVariantGroup;
			children = (
				CF5962E125FE2B5900C0A53A /* Base */,
			);
			name = LaunchScreen.storyboard;
			sourceTree = "<group>";
		};
/* End PBXVariantGroup section */

/* Begin XCBuildConfiguration section */
		CF5962E425FE2B5900C0A53A /* Debug */ = {
			isa = XCBuildConfiguration;
			buildSettings = {
				ALWAYS_SEARCH_USER_PATHS = NO;
				CLANG_ANALYZER_NONNULL = YES;
				CLANG_ANALYZER_NUMBER_OBJECT_CONVERSION = YES_AGGRESSIVE;
				CLANG_CXX_LANGUAGE_STANDARD = "gnu++14";
				CLANG_CXX_LIBRARY = "libc++";
				CLANG_ENABLE_MODULES = YES;
				CLANG_ENABLE_OBJC_ARC = YES;
				CLANG_ENABLE_OBJC_WEAK = YES;
				CLANG_WARN_BLOCK_CAPTURE_AUTORELEASING = YES;
				CLANG_WARN_BOOL_CONVERSION = YES;
				CLANG_WARN_COMMA = YES;
				CLANG_WARN_CONSTANT_CONVERSION = YES;
				CLANG_WARN_DEPRECATED_OBJC_IMPLEMENTATIONS = YES;
				CLANG_WARN_DIRECT_OBJC_ISA_USAGE = YES_ERROR;
				CLANG_WARN_DOCUMENTATION_COMMENTS = YES;
				CLANG_WARN_EMPTY_BODY = YES;
				CLANG_WARN_ENUM_CONVERSION = YES;
				CLANG_WARN_INFINITE_RECURSION = YES;
				CLANG_WARN_INT_CONVERSION = YES;
				CLANG_WARN_NON_LITERAL_NULL_CONVERSION = YES;
				CLANG_WARN_OBJC_IMPLICIT_RETAIN_SELF = YES;
				CLANG_WARN_OBJC_LITERAL_CONVERSION = YES;
				CLANG_WARN_OBJC_ROOT_CLASS = YES_ERROR;
				CLANG_WARN_QUOTED_INCLUDE_IN_FRAMEWORK_HEADER = YES;
				CLANG_WARN_RANGE_LOOP_ANALYSIS = YES;
				CLANG_WARN_STRICT_PROTOTYPES = YES;
				CLANG_WARN_SUSPICIOUS_MOVE = YES;
				CLANG_WARN_UNGUARDED_AVAILABILITY = YES_AGGRESSIVE;
				CLANG_WARN_UNREACHABLE_CODE = YES;
				CLANG_WARN__DUPLICATE_METHOD_MATCH = YES;
				COPY_PHASE_STRIP = NO;
				DEBUG_INFORMATION_FORMAT = dwarf;
				ENABLE_STRICT_OBJC_MSGSEND = YES;
				ENABLE_TESTABILITY = YES;
				GCC_C_LANGUAGE_STANDARD = gnu11;
				GCC_DYNAMIC_NO_PIC = NO;
				GCC_NO_COMMON_BLOCKS = YES;
				GCC_OPTIMIZATION_LEVEL = 0;
				GCC_PREPROCESSOR_DEFINITIONS = (
					"DEBUG=1",
					"$(inherited)",
				);
				GCC_WARN_64_TO_32_BIT_CONVERSION = YES;
				GCC_WARN_ABOUT_RETURN_TYPE = YES_ERROR;
				GCC_WARN_UNDECLARED_SELECTOR = YES;
				GCC_WARN_UNINITIALIZED_AUTOS = YES_AGGRESSIVE;
				GCC_WARN_UNUSED_FUNCTION = YES;
				GCC_WARN_UNUSED_VARIABLE = YES;
				IPHONEOS_DEPLOYMENT_TARGET = 14.4;
				MTL_ENABLE_DEBUG_INFO = INCLUDE_SOURCE;
				MTL_FAST_MATH = YES;
				ONLY_ACTIVE_ARCH = YES;
				SDKROOT = iphoneos;
				SWIFT_ACTIVE_COMPILATION_CONDITIONS = DEBUG;
				SWIFT_OPTIMIZATION_LEVEL = "-Onone";
			};
			name = Debug;
		};
		CF5962E525FE2B5900C0A53A /* Release */ = {
			isa = XCBuildConfiguration;
			buildSettings = {
				ALWAYS_SEARCH_USER_PATHS = NO;
				CLANG_ANALYZER_NONNULL = YES;
				CLANG_ANALYZER_NUMBER_OBJECT_CONVERSION = YES_AGGRESSIVE;
				CLANG_CXX_LANGUAGE_STANDARD = "gnu++14";
				CLANG_CXX_LIBRARY = "libc++";
				CLANG_ENABLE_MODULES = YES;
				CLANG_ENABLE_OBJC_ARC = YES;
				CLANG_ENABLE_OBJC_WEAK = YES;
				CLANG_WARN_BLOCK_CAPTURE_AUTORELEASING = YES;
				CLANG_WARN_BOOL_CONVERSION = YES;
				CLANG_WARN_COMMA = YES;
				CLANG_WARN_CONSTANT_CONVERSION = YES;
				CLANG_WARN_DEPRECATED_OBJC_IMPLEMENTATIONS = YES;
				CLANG_WARN_DIRECT_OBJC_ISA_USAGE = YES_ERROR;
				CLANG_WARN_DOCUMENTATION_COMMENTS = YES;
				CLANG_WARN_EMPTY_BODY = YES;
				CLANG_WARN_ENUM_CONVERSION = YES;
				CLANG_WARN_INFINITE_RECURSION = YES;
				CLANG_WARN_INT_CONVERSION = YES;
				CLANG_WARN_NON_LITERAL_NULL_CONVERSION = YES;
				CLANG_WARN_OBJC_IMPLICIT_RETAIN_SELF = YES;
				CLANG_WARN_OBJC_LITERAL_CONVERSION = YES;
				CLANG_WARN_OBJC_ROOT_CLASS = YES_ERROR;
				CLANG_WARN_QUOTED_INCLUDE_IN_FRAMEWORK_HEADER = YES;
				CLANG_WARN_RANGE_LOOP_ANALYSIS = YES;
				CLANG_WARN_STRICT_PROTOTYPES = YES;
				CLANG_WARN_SUSPICIOUS_MOVE = YES;
				CLANG_WARN_UNGUARDED_AVAILABILITY = YES_AGGRESSIVE;
				CLANG_WARN_UNREACHABLE_CODE = YES;
				CLANG_WARN__DUPLICATE_METHOD_MATCH = YES;
				COPY_PHASE_STRIP = NO;
				DEBUG_INFORMATION_FORMAT = "dwarf-with-dsym";
				ENABLE_NS_ASSERTIONS = NO;
				ENABLE_STRICT_OBJC_MSGSEND = YES;
				GCC_C_LANGUAGE_STANDARD = gnu11;
				GCC_NO_COMMON_BLOCKS = YES;
				GCC_WARN_64_TO_32_BIT_CONVERSION = YES;
				GCC_WARN_ABOUT_RETURN_TYPE = YES_ERROR;
				GCC_WARN_UNDECLARED_SELECTOR = YES;
				GCC_WARN_UNINITIALIZED_AUTOS = YES_AGGRESSIVE;
				GCC_WARN_UNUSED_FUNCTION = YES;
				GCC_WARN_UNUSED_VARIABLE = YES;
				IPHONEOS_DEPLOYMENT_TARGET = 14.4;
				MTL_ENABLE_DEBUG_INFO = NO;
				MTL_FAST_MATH = YES;
				SDKROOT = iphoneos;
				SWIFT_COMPILATION_MODE = wholemodule;
				SWIFT_OPTIMIZATION_LEVEL = "-O";
				VALIDATE_PRODUCT = YES;
			};
			name = Release;
		};
		CF5962E725FE2B5900C0A53A /* Debug */ = {
			isa = XCBuildConfiguration;
			baseConfigurationReference = 51C6A5DC260A9BA3B147D95F /* Pods-Spotify tutorial.debug.xcconfig */;
			buildSettings = {
				ASSETCATALOG_COMPILER_APPICON_NAME = AppIcon;
				ASSETCATALOG_COMPILER_GLOBAL_ACCENT_COLOR_NAME = AccentColor;
				CODE_SIGN_STYLE = Automatic;
				DEVELOPMENT_TEAM = M4948RFH85;
				INFOPLIST_FILE = "Spotify tutorial/Info.plist";
				LD_RUNPATH_SEARCH_PATHS = (
					"$(inherited)",
					"@executable_path/Frameworks",
				);
				PRODUCT_BUNDLE_IDENTIFIER = "com.erykgasiorowski.Spotify-tutorial";
				PRODUCT_NAME = "$(TARGET_NAME)";
				SWIFT_VERSION = 5.0;
				TARGETED_DEVICE_FAMILY = "1,2";
			};
			name = Debug;
		};
		CF5962E825FE2B5900C0A53A /* Release */ = {
			isa = XCBuildConfiguration;
			baseConfigurationReference = 652D3710FFEE9BA589C1D01E /* Pods-Spotify tutorial.release.xcconfig */;
			buildSettings = {
				ASSETCATALOG_COMPILER_APPICON_NAME = AppIcon;
				ASSETCATALOG_COMPILER_GLOBAL_ACCENT_COLOR_NAME = AccentColor;
				CODE_SIGN_STYLE = Automatic;
				DEVELOPMENT_TEAM = M4948RFH85;
				INFOPLIST_FILE = "Spotify tutorial/Info.plist";
				LD_RUNPATH_SEARCH_PATHS = (
					"$(inherited)",
					"@executable_path/Frameworks",
				);
				PRODUCT_BUNDLE_IDENTIFIER = "com.erykgasiorowski.Spotify-tutorial";
				PRODUCT_NAME = "$(TARGET_NAME)";
				SWIFT_VERSION = 5.0;
				TARGETED_DEVICE_FAMILY = "1,2";
			};
			name = Release;
		};
/* End XCBuildConfiguration section */

/* Begin XCConfigurationList section */
		CF5962CD25FE2B5800C0A53A /* Build configuration list for PBXProject "Spotify tutorial" */ = {
			isa = XCConfigurationList;
			buildConfigurations = (
				CF5962E425FE2B5900C0A53A /* Debug */,
				CF5962E525FE2B5900C0A53A /* Release */,
			);
			defaultConfigurationIsVisible = 0;
			defaultConfigurationName = Release;
		};
		CF5962E625FE2B5900C0A53A /* Build configuration list for PBXNativeTarget "Spotify tutorial" */ = {
			isa = XCConfigurationList;
			buildConfigurations = (
				CF5962E725FE2B5900C0A53A /* Debug */,
				CF5962E825FE2B5900C0A53A /* Release */,
			);
			defaultConfigurationIsVisible = 0;
			defaultConfigurationName = Release;
		};
/* End XCConfigurationList section */
	};
	rootObject = CF5962CA25FE2B5800C0A53A /* Project object */;
}
